PODS:
  - objectiveflickr (2.0.4)
  - ReactiveCocoa (2.1.8):
    - ReactiveCocoa/Core (= 2.1.8)
    - ReactiveCocoa/no-arc (= 2.1.8)
  - ReactiveCocoa/Core (2.1.8):
    - ReactiveCocoa/no-arc
  - ReactiveCocoa/no-arc (2.1.8)

DEPENDENCIES:
  - objectiveflickr (= 2.0.4)
  - ReactiveCocoa (= 2.1.8)

SPEC REPOS:
  trunk:
    - objectiveflickr
    - ReactiveCocoa

SPEC CHECKSUMS:
  objectiveflickr: aed169dae1eb5a5550ca78f7efd7ccde2e4c26e5
  ReactiveCocoa: f89f2e009a87951b50321bf9feb958823fcc617e

PODFILE CHECKSUM: 9bc0082eb223267e8410f0ad9e6f6053b2645d95

COCOAPODS: 1.8.4
